{
    "_readme": [
        "This file locks the dependencies of your project to a known state",
        "Read more about it at https://getcomposer.org/doc/01-basic-usage.md#composer-lock-the-lock-file",
        "This file is @generated automatically"
    ],
    "hash": "2247b48cb087b4455b41dcdf0ebdc85d",
    "content-hash": "93cd3c68b99d26933cfcc1de8a23cb2a",
    "packages": [
        {
            "name": "filp/whoops",
            "version": "2.1.14",
            "source": {
                "type": "git",
                "url": "https://github.com/filp/whoops.git",
                "reference": "c6081b8838686aa04f1e83ba7e91f78b7b2a23e6"
            },
            "dist": {
                "type": "zip",
                "url": "https://api.github.com/repos/filp/whoops/zipball/c6081b8838686aa04f1e83ba7e91f78b7b2a23e6",
                "reference": "c6081b8838686aa04f1e83ba7e91f78b7b2a23e6",
                "shasum": ""
            },
            "require": {
                "php": "^5.5.9 || ^7.0",
                "psr/log": "^1.0.1"
            },
            "require-dev": {
                "mockery/mockery": "0.9.*",
                "phpunit/phpunit": "^4.8.35 || ^5.7",
                "symfony/var-dumper": "^2.6 || ^3.0"
            },
            "suggest": {
                "symfony/var-dumper": "Pretty print complex values better with var-dumper available",
                "whoops/soap": "Formats errors as SOAP responses"
            },
            "type": "library",
            "extra": {
                "branch-alias": {
                    "dev-master": "2.0-dev"
                }
            },
            "autoload": {
                "psr-4": {
                    "Whoops\\": "src/Whoops/"
                }
            },
            "notification-url": "https://packagist.org/downloads/",
            "license": [
                "MIT"
            ],
            "authors": [
                {
                    "name": "Filipe Dobreira",
                    "homepage": "https://github.com/filp",
                    "role": "Developer"
                }
            ],
            "description": "php error handling for cool kids",
            "homepage": "https://filp.github.io/whoops/",
            "keywords": [
                "error",
                "exception",
                "handling",
                "library",
                "throwable",
                "whoops"
            ],
            "time": "2017-11-23 18:22:44"
        },
        {
            "name": "icanboogie/inflector",
            "version": "v1.4.4",
            "source": {
                "type": "git",
                "url": "https://github.com/ICanBoogie/Inflector.git",
                "reference": "a875d3c16215327e1a2555592b167ae2591c5c2f"
            },
            "dist": {
                "type": "zip",
                "url": "https://api.github.com/repos/ICanBoogie/Inflector/zipball/a875d3c16215327e1a2555592b167ae2591c5c2f",
                "reference": "a875d3c16215327e1a2555592b167ae2591c5c2f",
                "shasum": ""
            },
            "require": {
                "ext-mbstring": "*",
                "php": ">=5.3.4"
            },
            "type": "library",
            "autoload": {
                "classmap": [
                    "lib/"
                ],
                "files": [
                    "lib/helpers.php"
                ]
            },
            "notification-url": "https://packagist.org/downloads/",
            "license": [
                "BSD-3-Clause"
            ],
            "authors": [
                {
                    "name": "Olivier Laviale",
                    "email": "olivier.laviale@gmail.com",
                    "homepage": "http://www.weirdog.com/",
                    "role": "Developer"
                }
            ],
            "description": "Multilingual inflector that transforms words from singular to plural, underscore to camel case, and more.",
            "homepage": "http://icanboogie.org/",
            "keywords": [
                "camelize",
                "hyphenate",
                "inflect",
                "multilingual",
                "pluralize",
                "singularize",
                "underscore"
            ],
            "time": "2017-06-30 13:16:14"
        },
        {
            "name": "paragonie/random_compat",
            "version": "v2.0.12",
            "source": {
                "type": "git",
                "url": "https://github.com/paragonie/random_compat.git",
                "reference": "258c89a6b97de7dfaf5b8c7607d0478e236b04fb"
            },
            "dist": {
                "type": "zip",
                "url": "https://api.github.com/repos/paragonie/random_compat/zipball/258c89a6b97de7dfaf5b8c7607d0478e236b04fb",
                "reference": "258c89a6b97de7dfaf5b8c7607d0478e236b04fb",
                "shasum": ""
            },
            "require": {
                "php": ">=5.2.0"
            },
            "require-dev": {
                "phpunit/phpunit": "4.*|5.*"
            },
            "suggest": {
                "ext-libsodium": "Provides a modern crypto API that can be used to generate random bytes."
            },
            "type": "library",
            "autoload": {
                "files": [
                    "lib/random.php"
                ]
            },
            "notification-url": "https://packagist.org/downloads/",
            "license": [
                "MIT"
            ],
            "authors": [
                {
                    "name": "Paragon Initiative Enterprises",
                    "email": "security@paragonie.com",
                    "homepage": "https://paragonie.com"
                }
            ],
            "description": "PHP 5.x polyfill for random_bytes() and random_int() from PHP 7",
            "keywords": [
                "csprng",
                "pseudorandom",
                "random"
            ],
            "time": "2018-04-04 21:24:14"
        },
        {
            "name": "phacil/common",
            "version": "dev-development",
            "source": {
                "type": "git",
                "url": "https://github.com/phacil/common.git",
                "reference": "191b70ac590b602f564deefc7d3f22447b6445f9"
            },
            "dist": {
                "type": "zip",
                "url": "https://api.github.com/repos/phacil/common/zipball/191b70ac590b602f564deefc7d3f22447b6445f9",
                "reference": "191b70ac590b602f564deefc7d3f22447b6445f9",
                "shasum": ""
            },
            "require": {
                "php": ">=5.4"
            },
            "type": "library",
            "autoload": {
                "psr-4": {
                    "Phacil\\Common\\": "src/"
                },
                "files": [
                    "src/inc/functions.inc.php",
                    "src/inc/helpers.inc.php"
                ]
            },
            "license": [
                "MIT"
            ],
            "authors": [
                {
                    "name": "Alisson Nascimento",
                    "email": "alisson.sa.nascimento@gmail.com"
                }
            ],
            "description": "Phacil PHP Framework Common Classes",
            "keywords": [
                "common",
                "framework",
                "phacil",
                "php"
            ],
            "support": {
                "source": "https://github.com/phacil/common/tree/development",
                "issues": "https://github.com/phacil/common/issues"
            },
            "time": "2018-04-27 00:39:43"
        },
        {
            "name": "phacil/html",
            "version": "dev-development",
            "source": {
                "type": "git",
                "url": "https://github.com/phacil/html.git",
                "reference": "840fd33334df84517724a52f8d3bc0562e3ae555"
            },
            "dist": {
                "type": "zip",
                "url": "https://api.github.com/repos/phacil/html/zipball/840fd33334df84517724a52f8d3bc0562e3ae555",
                "reference": "840fd33334df84517724a52f8d3bc0562e3ae555",
                "shasum": ""
            },
            "require": {
                "icanboogie/inflector": "^1.4",
                "phacil/common": "dev-development",
                "php": ">=5.4"
            },
            "require-dev": {
                "phpunit/phpunit": "4.0.*"
            },
            "type": "library",
            "autoload": {
                "psr-4": {
                    "Phacil\\HTML\\": "src/"
                },
                "files": [
                    "src/helpers.inc.php"
                ]
            },
            "license": [
                "MIT"
            ],
            "authors": [
                {
                    "name": "Alisson Nascimento",
                    "email": "alisson.sa.nascimento@gmail.com"
                }
            ],
            "description": "Phacil PHP Framework HTML Classes",
            "keywords": [
                "framework",
                "html",
                "phacil",
                "php"
            ],
            "support": {
                "source": "https://github.com/phacil/html/tree/development",
                "issues": "https://github.com/phacil/html/issues"
            },
            "time": "2018-04-26 03:18:34"
        },
        {
            "name": "phacil/http",
            "version": "dev-development",
            "source": {
                "type": "git",
                "url": "https://github.com/phacil/http.git",
                "reference": "368d599506dd65e4bd2fcb78cbcd740980acdfba"
            },
            "dist": {
                "type": "zip",
                "url": "https://api.github.com/repos/phacil/http/zipball/368d599506dd65e4bd2fcb78cbcd740980acdfba",
                "reference": "368d599506dd65e4bd2fcb78cbcd740980acdfba",
                "shasum": ""
            },
            "require": {
                "phacil/common": "dev-development",
                "php": ">=5.4",
                "symfony/http-foundation": "^3.2"
            },
            "require-dev": {
                "phpunit/phpunit": "4.0.*"
            },
            "type": "library",
            "autoload": {
                "psr-4": {
                    "Phacil\\HTTP\\": "src/"
                },
                "files": [
                    "src/helpers.inc.php"
                ]
            },
            "license": [
                "MIT"
            ],
            "authors": [
                {
                    "name": "Alisson Nascimento",
                    "email": "alisson.sa.nascimento@gmail.com"
                }
            ],
            "description": "Phacil PHP Framework HTTP Classes",
            "keywords": [
                "framework",
                "http",
                "phacil",
                "php"
            ],
            "support": {
                "source": "https://github.com/phacil/http/tree/development",
                "issues": "https://github.com/phacil/http/issues"
            },
            "time": "2018-04-26 03:06:42"
        },
        {
            "name": "phacil/integration",
            "version": "dev-development",
            "source": {
                "type": "git",
                "url": "https://github.com/phacil/integration.git",
                "reference": "92e62a3ba9d3437e8170ea8d8997713a24fd1b90"
            },
            "dist": {
                "type": "zip",
                "url": "https://api.github.com/repos/phacil/integration/zipball/92e62a3ba9d3437e8170ea8d8997713a24fd1b90",
                "reference": "92e62a3ba9d3437e8170ea8d8997713a24fd1b90",
                "shasum": ""
            },
            "require": {
                "icanboogie/inflector": "^1.4",
                "phacil/html": "dev-development",
                "phacil/http": "dev-development",
                "php": ">=5.4"
            },
            "require-dev": {
                "phpunit/phpunit": "4.0.*"
            },
            "type": "library",
            "autoload": {
                "psr-4": {
                    "Phacil\\Integration\\": "src/"
                },
                "files": [
                    "src/helpers.inc.php"
                ]
            },
            "license": [
                "MIT"
            ],
            "authors": [
                {
                    "name": "Alisson Nascimento",
                    "email": "alisson.sa.nascimento@gmail.com"
                }
            ],
            "description": "Integrtion layer - Phacil PHP Framework",
            "keywords": [
                "framework",
                "integration",
                "pdo",
                "phacil",
                "php"
            ],
            "support": {
                "source": "https://github.com/phacil/integration/tree/development",
                "issues": "https://github.com/phacil/integration/issues"
            },
            "time": "2017-03-22 22:15:48"
        },
        {
            "name": "psr/log",
            "version": "1.0.2",
            "source": {
                "type": "git",
                "url": "https://github.com/php-fig/log.git",
                "reference": "4ebe3a8bf773a19edfe0a84b6585ba3d401b724d"
            },
            "dist": {
                "type": "zip",
                "url": "https://api.github.com/repos/php-fig/log/zipball/4ebe3a8bf773a19edfe0a84b6585ba3d401b724d",
                "reference": "4ebe3a8bf773a19edfe0a84b6585ba3d401b724d",
                "shasum": ""
            },
            "require": {
                "php": ">=5.3.0"
            },
            "type": "library",
            "extra": {
                "branch-alias": {
                    "dev-master": "1.0.x-dev"
                }
            },
            "autoload": {
                "psr-4": {
                    "Psr\\Log\\": "Psr/Log/"
                }
            },
            "notification-url": "https://packagist.org/downloads/",
            "license": [
                "MIT"
            ],
            "authors": [
                {
                    "name": "PHP-FIG",
                    "homepage": "http://www.php-fig.org/"
                }
            ],
            "description": "Common interface for logging libraries",
            "homepage": "https://github.com/php-fig/log",
            "keywords": [
                "log",
                "psr",
                "psr-3"
            ],
            "time": "2016-10-10 12:19:37"
        },
        {
            "name": "symfony/http-foundation",
            "version": "v3.4.8",
            "source": {
                "type": "git",
                "url": "https://github.com/symfony/http-foundation.git",
                "reference": "b11e6d165ff4cbf5685d185ab19a90f2f3bb7d1e"
            },
            "dist": {
                "type": "zip",
                "url": "https://api.github.com/repos/symfony/http-foundation/zipball/b11e6d165ff4cbf5685d185ab19a90f2f3bb7d1e",
                "reference": "b11e6d165ff4cbf5685d185ab19a90f2f3bb7d1e",
                "shasum": ""
            },
            "require": {
                "php": "^5.5.9|>=7.0.8",
                "symfony/polyfill-mbstring": "~1.1",
                "symfony/polyfill-php70": "~1.6"
            },
            "require-dev": {
                "symfony/expression-language": "~2.8|~3.0|~4.0"
            },
            "type": "library",
            "extra": {
                "branch-alias": {
                    "dev-master": "3.4-dev"
                }
            },
            "autoload": {
                "psr-4": {
                    "Symfony\\Component\\HttpFoundation\\": ""
                },
                "exclude-from-classmap": [
                    "/Tests/"
                ]
            },
            "notification-url": "https://packagist.org/downloads/",
            "license": [
                "MIT"
            ],
            "authors": [
                {
                    "name": "Fabien Potencier",
                    "email": "fabien@symfony.com"
                },
                {
                    "name": "Symfony Community",
                    "homepage": "https://symfony.com/contributors"
                }
            ],
            "description": "Symfony HttpFoundation Component",
            "homepage": "https://symfony.com",
            "time": "2018-04-03 05:22:50"
        },
        {
            "name": "symfony/polyfill-mbstring",
            "version": "v1.7.0",
            "source": {
                "type": "git",
                "url": "https://github.com/symfony/polyfill-mbstring.git",
                "reference": "78be803ce01e55d3491c1397cf1c64beb9c1b63b"
            },
            "dist": {
                "type": "zip",
                "url": "https://api.github.com/repos/symfony/polyfill-mbstring/zipball/78be803ce01e55d3491c1397cf1c64beb9c1b63b",
                "reference": "78be803ce01e55d3491c1397cf1c64beb9c1b63b",
                "shasum": ""
            },
            "require": {
                "php": ">=5.3.3"
            },
            "suggest": {
                "ext-mbstring": "For best performance"
            },
            "type": "library",
            "extra": {
                "branch-alias": {
                    "dev-master": "1.7-dev"
                }
            },
            "autoload": {
                "psr-4": {
                    "Symfony\\Polyfill\\Mbstring\\": ""
                },
                "files": [
                    "bootstrap.php"
                ]
            },
            "notification-url": "https://packagist.org/downloads/",
            "license": [
                "MIT"
            ],
            "authors": [
                {
                    "name": "Nicolas Grekas",
                    "email": "p@tchwork.com"
                },
                {
                    "name": "Symfony Community",
                    "homepage": "https://symfony.com/contributors"
                }
            ],
            "description": "Symfony polyfill for the Mbstring extension",
            "homepage": "https://symfony.com",
            "keywords": [
                "compatibility",
                "mbstring",
                "polyfill",
                "portable",
                "shim"
            ],
            "time": "2018-01-30 19:27:44"
        },
        {
            "name": "symfony/polyfill-php70",
            "version": "v1.7.0",
            "source": {
                "type": "git",
                "url": "https://github.com/symfony/polyfill-php70.git",
                "reference": "3532bfcd8f933a7816f3a0a59682fc404776600f"
            },
            "dist": {
                "type": "zip",
                "url": "https://api.github.com/repos/symfony/polyfill-php70/zipball/3532bfcd8f933a7816f3a0a59682fc404776600f",
                "reference": "3532bfcd8f933a7816f3a0a59682fc404776600f",
                "shasum": ""
            },
            "require": {
                "paragonie/random_compat": "~1.0|~2.0",
                "php": ">=5.3.3"
            },
            "type": "library",
            "extra": {
                "branch-alias": {
                    "dev-master": "1.7-dev"
                }
            },
            "autoload": {
                "psr-4": {
                    "Symfony\\Polyfill\\Php70\\": ""
                },
                "files": [
                    "bootstrap.php"
                ],
                "classmap": [
                    "Resources/stubs"
                ]
            },
            "notification-url": "https://packagist.org/downloads/",
            "license": [
                "MIT"
            ],
            "authors": [
                {
                    "name": "Nicolas Grekas",
                    "email": "p@tchwork.com"
                },
                {
                    "name": "Symfony Community",
                    "homepage": "https://symfony.com/contributors"
                }
            ],
            "description": "Symfony polyfill backporting some PHP 7.0+ features to lower PHP versions",
            "homepage": "https://symfony.com",
            "keywords": [
                "compatibility",
                "polyfill",
                "portable",
                "shim"
            ],
            "time": "2018-01-30 19:27:44"
        }
    ],
    "packages-dev": [],
    "aliases": [],
    "minimum-stability": "stable",
    "stability-flags": {
        "phacil/common": 20,
        "phacil/html": 20,
        "phacil/http": 20,
        "phacil/integration": 20
    },
    "prefer-stable": false,
    "prefer-lowest": false,
    "platform": {
        "php": ">=5.5"
    },
    "platform-dev": []
}
